PODS:
  - MRFramework (1.0)
  - MRSearchBar (1.0.0)

DEPENDENCIES:
  - MRFramework (from `https://github.com/mrxir/MRFramework.git`)
  - MRSearchBar (from `https://github.com/mrxir/MRSearchBar.git`)

EXTERNAL SOURCES:
  MRFramework:
    :git: https://github.com/mrxir/MRFramework.git
  MRSearchBar:
    :git: https://github.com/mrxir/MRSearchBar.git

CHECKOUT OPTIONS:
  MRFramework:
    :commit: e8dfe47cc8faa66b43e4714af8e51f21056dc874
    :git: https://github.com/mrxir/MRFramework.git
  MRSearchBar:
    :commit: 611e14f41d5fe9a82d75782cc59068d4862c565e
    :git: https://github.com/mrxir/MRSearchBar.git

SPEC CHECKSUMS:
  MRFramework: d6189fcb55d766c59251fbbabfb68676993e427a
  MRSearchBar: 284533fd40253a9c0d0e88b0e56884b93ba34a8a

PODFILE CHECKSUM: db98d5d0d91dbb760fa112bd80d5988162456aee

COCOAPODS: 1.3.1
